# THIS IS AN AUTOGENERATED FILE. DO NOT EDIT THIS FILE DIRECTLY.
# yarn lockfile v1


"@antfu/utils@^0.7.6", "@antfu/utils@^0.7.7":
  version "0.7.7"
  resolved "https://registry.npmmirror.com/@antfu/utils/-/utils-0.7.7.tgz"
  integrity sha512-gFPqTG7otEJ8uP6wrhDv6mqwGWYZKNvAcCq6u9hOj0c+IKCEsY4L1oC9trPq2SaWIzAfHvqfBDxF591JkMf+kg==

"@babel/parser@^7.15.8", "@babel/parser@^7.24.4":
  version "7.24.4"
  resolved "https://registry.npmmirror.com/@babel/parser/-/parser-7.24.4.tgz"
  integrity sha512-zTvEBcghmeBma9QIGunWevvBAp4/Qu9Bdq+2k0Ot4fVMD6v3dsC9WOcRSKk7tRRyBM/53yKMJko9xOatGQAwSg==

"@esbuild/win32-x64@0.20.2":
  version "0.20.2"
  resolved "https://registry.npmmirror.com/@esbuild/win32-x64/-/win32-x64-0.20.2.tgz"
  integrity sha512-N49X4lJX27+l9jbLKSqZ6bKNjzQvHaT8IIFUy+YIqmXQdjYCToGWwOItDrfby14c78aDd5NHQl29xingXfCdLQ==

"@jridgewell/sourcemap-codec@^1.4.15":
  version "1.4.15"
  resolved "https://registry.npmmirror.com/@jridgewell/sourcemap-codec/-/sourcemap-codec-1.4.15.tgz"
  integrity sha512-eF2rxCRulEKXHTRiDrDy6erMYWqNw4LPdQ8UQA4huuxaQsVeRPFl2oM8oDGxMFhJUWZf9McpLtJasDDZb/Bpeg==

"@nodelib/fs.scandir@2.1.5":
  version "2.1.5"
  resolved "https://registry.npmmirror.com/@nodelib/fs.scandir/-/fs.scandir-2.1.5.tgz"
  integrity sha512-vq24Bq3ym5HEQm2NKCr3yXDwjc7vTsEThRDnkp2DK9p1uqLR+DHurm/NOTo0KG7HYHU7eppKZj3MyqYuMBf62g==
  dependencies:
    "@nodelib/fs.stat" "2.0.5"
    run-parallel "^1.1.9"

"@nodelib/fs.stat@^2.0.2", "@nodelib/fs.stat@2.0.5":
  version "2.0.5"
  resolved "https://registry.npmmirror.com/@nodelib/fs.stat/-/fs.stat-2.0.5.tgz"
  integrity sha512-RkhPPp2zrqDAQA/2jNhnztcPAlv64XdhIp7a7454A5ovI7Bukxgt7MX7udwAu3zg1DcpPU0rz3VV1SeaqvY4+A==

"@nodelib/fs.walk@^1.2.3":
  version "1.2.8"
  resolved "https://registry.npmmirror.com/@nodelib/fs.walk/-/fs.walk-1.2.8.tgz"
  integrity sha512-oGB+UxlgWcgQkgwo8GcEGwemoTFt3FIO9ababBmaGwXIoBKZ+GTy0pP185beGg7Llih/NSHSV2XAs1lnznocSg==
  dependencies:
    "@nodelib/fs.scandir" "2.1.5"
    fastq "^1.6.0"

"@rollup/pluginutils@^5.0.4", "@rollup/pluginutils@^5.1.0":
  version "5.1.0"
  resolved "https://registry.npmmirror.com/@rollup/pluginutils/-/pluginutils-5.1.0.tgz"
  integrity sha512-XTIWOPPcpvyKI6L1NHo0lFlCyznUEyPmPY1mc3KpPVDYulHSTvyeLNVW00QTLIAFNhR3kYnJTQHeGqU4M3n09g==
  dependencies:
    "@types/estree" "^1.0.0"
    estree-walker "^2.0.2"
    picomatch "^2.3.1"

"@rollup/rollup-win32-x64-msvc@4.16.3":
  version "4.16.3"
  resolved "https://registry.npmmirror.com/@rollup/rollup-win32-x64-msvc/-/rollup-win32-x64-msvc-4.16.3.tgz"
  integrity sha512-hutnZavtOx/G4uVdgoZz5279By9NVbgmxOmGGgnzUjZYuwp2+NzGq6KXQmHXBWz7W/vottXn38QmKYAdQLa/vQ==

"@types/estree@^1.0.0", "@types/estree@1.0.5":
  version "1.0.5"
  resolved "https://registry.npmmirror.com/@types/estree/-/estree-1.0.5.tgz"
  integrity sha512-/kYRxGDLWzHOB7q+wtSUQlFrtcdUccpfy+X+9iMBpHK8QLLhx2wIPYuS5DYtR9Wa/YlZAbIovy7qVdB1Aq6Lyw==

"@vant/auto-import-resolver@^1.1.0":
  version "1.1.0"
  resolved "https://registry.npmmirror.com/@vant/auto-import-resolver/-/auto-import-resolver-1.1.0.tgz"
  integrity sha512-Et3efh3OA617a9AdA+ZQrIXFuBeMv1t6OGLNFXAvgI59lI6U1k5QxHBj8/S7NVST9LB+2xn71TB6Vix5GKI6YQ==

"@vant/popperjs@^1.3.0":
  version "1.3.0"
  resolved "https://registry.npmmirror.com/@vant/popperjs/-/popperjs-1.3.0.tgz"
  integrity sha512-hB+czUG+aHtjhaEmCJDuXOep0YTZjdlRR+4MSmIFnkCQIxJaXLQdSsR90XWvAI2yvKUI7TCGqR8pQg2RtvkMHw==

"@vant/use@^1.6.0":
  version "1.6.0"
  resolved "https://registry.npmmirror.com/@vant/use/-/use-1.6.0.tgz"
  integrity sha512-PHHxeAASgiOpSmMjceweIrv2AxDZIkWXyaczksMoWvKV2YAYEhoizRuk/xFnKF+emUIi46TsQ+rvlm/t2BBCfA==

"@vitejs/plugin-vue@^4.3.4":
  version "4.6.2"
  resolved "https://registry.npmmirror.com/@vitejs/plugin-vue/-/plugin-vue-4.6.2.tgz"
  integrity sha512-kqf7SGFoG+80aZG6Pf+gsZIVvGSCKE98JbiWqcCV9cThtg91Jav0yvYFC9Zb+jKetNGF6ZKeoaxgZfND21fWKw==

"@vue/compiler-core@3.4.24":
  version "3.4.24"
  resolved "https://registry.npmmirror.com/@vue/compiler-core/-/compiler-core-3.4.24.tgz"
  integrity sha512-vbW/tgbwJYj62N/Ww99x0zhFTkZDTcGh3uwJEuadZ/nF9/xuFMC4693P9r+3sxGXISABpDKvffY5ApH9pmdd1A==
  dependencies:
    "@babel/parser" "^7.24.4"
    "@vue/shared" "3.4.24"
    entities "^4.5.0"
    estree-walker "^2.0.2"
    source-map-js "^1.2.0"

"@vue/compiler-dom@3.4.24":
  version "3.4.24"
  resolved "https://registry.npmmirror.com/@vue/compiler-dom/-/compiler-dom-3.4.24.tgz"
  integrity sha512-4XgABML/4cNndVsQndG6BbGN7+EoisDwi3oXNovqL/4jdNhwvP8/rfRMTb6FxkxIxUUtg6AI1/qZvwfSjxJiWA==
  dependencies:
    "@vue/compiler-core" "3.4.24"
    "@vue/shared" "3.4.24"

"@vue/compiler-sfc@3.4.24":
  version "3.4.24"
  resolved "https://registry.npmmirror.com/@vue/compiler-sfc/-/compiler-sfc-3.4.24.tgz"
  integrity sha512-nRAlJUK02FTWfA2nuvNBAqsDZuERGFgxZ8sGH62XgFSvMxO2URblzulExsmj4gFZ8e+VAyDooU9oAoXfEDNxTA==
  dependencies:
    "@babel/parser" "^7.24.4"
    "@vue/compiler-core" "3.4.24"
    "@vue/compiler-dom" "3.4.24"
    "@vue/compiler-ssr" "3.4.24"
    "@vue/shared" "3.4.24"
    estree-walker "^2.0.2"
    magic-string "^0.30.10"
    postcss "^8.4.38"
    source-map-js "^1.2.0"

"@vue/compiler-ssr@3.4.24":
  version "3.4.24"
  resolved "https://registry.npmmirror.com/@vue/compiler-ssr/-/compiler-ssr-3.4.24.tgz"
  integrity sha512-ZsAtr4fhaUFnVcDqwW3bYCSDwq+9Gk69q2r/7dAHDrOMw41kylaMgOP4zRnn6GIEJkQznKgrMOGPMFnLB52RbQ==
  dependencies:
    "@vue/compiler-dom" "3.4.24"
    "@vue/shared" "3.4.24"

"@vue/devtools-api@^6.5.1":
  version "6.6.1"
  resolved "https://registry.npmjs.org/@vue/devtools-api/-/devtools-api-6.6.1.tgz"
  integrity sha512-LgPscpE3Vs0x96PzSSB4IGVSZXZBZHpfxs+ZA1d+VEPwHdOXowy/Y2CsvCAIFrf+ssVU1pD1jidj505EpUnfbA==

"@vue/reactivity@3.4.24":
  version "3.4.24"
  resolved "https://registry.npmmirror.com/@vue/reactivity/-/reactivity-3.4.24.tgz"
  integrity sha512-nup3fSYg4i4LtNvu9slF/HF/0dkMQYfepUdORBcMSsankzRPzE7ypAFurpwyRBfU1i7Dn1kcwpYsE1wETSh91g==
  dependencies:
    "@vue/shared" "3.4.24"

"@vue/runtime-core@3.4.24":
  version "3.4.24"
  resolved "https://registry.npmmirror.com/@vue/runtime-core/-/runtime-core-3.4.24.tgz"
  integrity sha512-c7iMfj6cJMeAG3s5yOn9Rc5D9e2/wIuaozmGf/ICGCY3KV5H7mbTVdvEkd4ZshTq7RUZqj2k7LMJWVx+EBiY1g==
  dependencies:
    "@vue/reactivity" "3.4.24"
    "@vue/shared" "3.4.24"

"@vue/runtime-dom@3.4.24":
  version "3.4.24"
  resolved "https://registry.npmmirror.com/@vue/runtime-dom/-/runtime-dom-3.4.24.tgz"
  integrity sha512-uXKzuh/Emfad2Y7Qm0ABsLZZV6H3mAJ5ZVqmAOlrNQRf+T5mxpPGZBfec1hkP41t6h6FwF6RSGCs/gd8WbuySQ==
  dependencies:
    "@vue/runtime-core" "3.4.24"
    "@vue/shared" "3.4.24"
    csstype "^3.1.3"

"@vue/server-renderer@3.4.24":
  version "3.4.24"
  resolved "https://registry.npmmirror.com/@vue/server-renderer/-/server-renderer-3.4.24.tgz"
  integrity sha512-H+DLK4sQF6sRgzKyofmlEVBIV/9KrQU6HIV7nt6yIwSGGKvSwlV8pqJlebUKLpbXaNHugdSfAbP6YmXF69lxow==
  dependencies:
    "@vue/compiler-ssr" "3.4.24"
    "@vue/shared" "3.4.24"

"@vue/shared@^3.4.21", "@vue/shared@3.4.24":
  version "3.4.24"
  resolved "https://registry.npmmirror.com/@vue/shared/-/shared-3.4.24.tgz"
  integrity sha512-BW4tajrJBM9AGAknnyEw5tO2xTmnqgup0VTnDAMcxYmqOX0RG0b9aSUGAbEKolD91tdwpA6oCwbltoJoNzpItw==

acorn@^8.10.0, acorn@^8.11.2, acorn@^8.11.3:
  version "8.11.3"
  resolved "https://registry.npmmirror.com/acorn/-/acorn-8.11.3.tgz"
  integrity sha512-Y9rRfJG5jcKOE0CLisYbojUjIrIEE7AGMzA/Sm4BslANhbS+cDMpgBdcPT91oJ7OuJ9hYJBx59RjbhxVnrF8Xg==

anymatch@~3.1.2:
  version "3.1.3"
  resolved "https://registry.npmmirror.com/anymatch/-/anymatch-3.1.3.tgz"
  integrity sha512-KMReFUr0B4t+D+OBkjR3KYqvocp2XaSzO55UcB6mgQMd3KbcE+mWTyvVV7D/zsdEbNnV6acZUutkiHQXvTr1Rw==
  dependencies:
    normalize-path "^3.0.0"
    picomatch "^2.0.4"

balanced-match@^1.0.0:
  version "1.0.2"
  resolved "https://registry.npmmirror.com/balanced-match/-/balanced-match-1.0.2.tgz"
  integrity sha512-3oSeUO0TMV67hN1AmbXsK4yaqU7tjiHlbxRDZOpH0KW9+CeX4bRAaX0Anxt0tx2MrpRpWwQaPwIlISEJhYU5Pw==

binary-extensions@^2.0.0:
  version "2.3.0"
  resolved "https://registry.npmmirror.com/binary-extensions/-/binary-extensions-2.3.0.tgz"
  integrity sha512-Ceh+7ox5qe7LJuLHoY0feh3pHuUDHAcRUeyL2VYghZwfpkNIy/+8Ocg0a3UuSoYzavmylwuLWQOf3hl0jjMMIw==

brace-expansion@^2.0.1:
  version "2.0.1"
  resolved "https://registry.npmmirror.com/brace-expansion/-/brace-expansion-2.0.1.tgz"
  integrity sha512-XnAIvQ8eM+kC6aULx6wuQiwVsnzsi9d3WxzV3FpWTGA19F621kwdbsAcFKXgKUHZWsy+mY6iL1sHTxWEFCytDA==
  dependencies:
    balanced-match "^1.0.0"

braces@^3.0.2, braces@~3.0.2:
  version "3.0.2"
  resolved "https://registry.npmmirror.com/braces/-/braces-3.0.2.tgz"
  integrity sha512-b8um+L1RzM3WDSzvhm6gIz1yfTbBt6YTlcEKAvsmqCZZFw46z626lVj9j1yEPW33H5H+lBQpZMP1k8l+78Ha0A==
  dependencies:
    fill-range "^7.0.1"

chokidar@^3.5.3, chokidar@^3.6.0:
  version "3.6.0"
  resolved "https://registry.npmmirror.com/chokidar/-/chokidar-3.6.0.tgz"
  integrity sha512-7VT13fmjotKpGipCW9JEQAusEPE+Ei8nl6/g4FBAmIm0GOOLMua9NDDo/DWp0ZAxCr3cPq5ZpBqmPAQgDda2Pw==
  dependencies:
    anymatch "~3.1.2"
    braces "~3.0.2"
    glob-parent "~5.1.2"
    is-binary-path "~2.1.0"
    is-glob "~4.0.1"
    normalize-path "~3.0.0"
    readdirp "~3.6.0"
  optionalDependencies:
    fsevents "~2.3.2"

confbox@^0.1.7:
  version "0.1.7"
  resolved "https://registry.npmmirror.com/confbox/-/confbox-0.1.7.tgz"
  integrity sha512-uJcB/FKZtBMCJpK8MQji6bJHgu1tixKPxRLeGkNzBoOZzpnZUJm0jm2/sBDWcuBx1dYgxV4JU+g5hmNxCyAmdA==

copy-anything@^2.0.1:
  version "2.0.6"
  resolved "https://registry.npmmirror.com/copy-anything/-/copy-anything-2.0.6.tgz"
  integrity sha512-1j20GZTsvKNkc4BY3NpMOM8tt///wY3FpIzozTOFO2ffuZcV61nojHXVKIy3WM+7ADCy5FVhdZYHYDdgTU0yJw==
  dependencies:
    is-what "^3.14.1"

csstype@^3.1.3:
  version "3.1.3"
  resolved "https://registry.npmmirror.com/csstype/-/csstype-3.1.3.tgz"
  integrity sha512-M1uQkMl8rQK/szD0LNhtqxIPLpimGm8sOBwU7lLnCpSbTyY3yeU1Vc7l4KT5zT4s/yOxHH5O7tIuuLOCnLADRw==

debug@^4.3.4:
  version "4.3.4"
  resolved "https://registry.npmmirror.com/debug/-/debug-4.3.4.tgz"
  integrity sha512-PRWFHuSU3eDtQJPvnNY7Jcket1j0t5OuOsFzPPzsekD52Zl8qUfFIPEiswXqIvHWGVHOgX+7G/vCNNhehwxfkQ==
  dependencies:
    ms "2.1.2"

entities@^4.5.0:
  version "4.5.0"
  resolved "https://registry.npmmirror.com/entities/-/entities-4.5.0.tgz"
  integrity sha512-V0hjH4dGPh9Ao5p0MoRY6BVqtwCjhz6vI5LT8AJ55H+4g9/4vbHx1I54fS0XuclLhDHArPQCiMjDxjaL8fPxhw==

errno@^0.1.1:
  version "0.1.8"
  resolved "https://registry.npmmirror.com/errno/-/errno-0.1.8.tgz"
  integrity sha512-dJ6oBr5SQ1VSd9qkk7ByRgb/1SH4JZjCHSW/mr63/QcXO9zLVxvJ6Oy13nio03rxpSnVDDjFor75SjVeZWPW/A==
  dependencies:
    prr "~1.0.1"

esbuild@^0.20.1:
  version "0.20.2"
  resolved "https://registry.npmmirror.com/esbuild/-/esbuild-0.20.2.tgz"
  integrity sha512-WdOOppmUNU+IbZ0PaDiTst80zjnrOkyJNHoKupIcVyU8Lvla3Ugx94VzkQ32Ijqd7UhHJy75gNWDMUekcrSJ6g==
  optionalDependencies:
    "@esbuild/aix-ppc64" "0.20.2"
    "@esbuild/android-arm" "0.20.2"
    "@esbuild/android-arm64" "0.20.2"
    "@esbuild/android-x64" "0.20.2"
    "@esbuild/darwin-arm64" "0.20.2"
    "@esbuild/darwin-x64" "0.20.2"
    "@esbuild/freebsd-arm64" "0.20.2"
    "@esbuild/freebsd-x64" "0.20.2"
    "@esbuild/linux-arm" "0.20.2"
    "@esbuild/linux-arm64" "0.20.2"
    "@esbuild/linux-ia32" "0.20.2"
    "@esbuild/linux-loong64" "0.20.2"
    "@esbuild/linux-mips64el" "0.20.2"
    "@esbuild/linux-ppc64" "0.20.2"
    "@esbuild/linux-riscv64" "0.20.2"
    "@esbuild/linux-s390x" "0.20.2"
    "@esbuild/linux-x64" "0.20.2"
    "@esbuild/netbsd-x64" "0.20.2"
    "@esbuild/openbsd-x64" "0.20.2"
    "@esbuild/sunos-x64" "0.20.2"
    "@esbuild/win32-arm64" "0.20.2"
    "@esbuild/win32-ia32" "0.20.2"
    "@esbuild/win32-x64" "0.20.2"

escape-string-regexp@^5.0.0:
  version "5.0.0"
  resolved "https://registry.npmmirror.com/escape-string-regexp/-/escape-string-regexp-5.0.0.tgz"
  integrity sha512-/veY75JbMK4j1yjvuUxuVsiS/hr/4iHs9FTT6cgTexxdE0Ly/glccBAkloH/DofkjRbZU3bnoj38mOmhkZ0lHw==

estree-walker@^2.0.2:
  version "2.0.2"
  resolved "https://registry.npmmirror.com/estree-walker/-/estree-walker-2.0.2.tgz"
  integrity sha512-Rfkk/Mp/DL7JVje3u18FxFujQlTNR2q6QfMSMB7AvCBx91NGj/ba3kCfza0f6dVDbw7YlRf/nDrn7pQrCCyQ/w==

estree-walker@^3.0.3:
  version "3.0.3"
  resolved "https://registry.npmmirror.com/estree-walker/-/estree-walker-3.0.3.tgz"
  integrity sha512-7RUKfXgSMMkzt6ZuXmqapOurLGPPfgj6l9uRZ7lRGolvk0y2yocc35LdcxKC5PQZdn2DMqioAQ2NoWcrTKmm6g==
  dependencies:
    "@types/estree" "^1.0.0"

fast-glob@^3.3.1, fast-glob@^3.3.2:
  version "3.3.2"
  resolved "https://registry.npmmirror.com/fast-glob/-/fast-glob-3.3.2.tgz"
  integrity sha512-oX2ruAFQwf/Orj8m737Y5adxDQO0LAB7/S5MnxCdTNDd4p6BsyIVsv9JQsATbTSq8KHRpLwIHbVlUNatxd+1Ow==
  dependencies:
    "@nodelib/fs.stat" "^2.0.2"
    "@nodelib/fs.walk" "^1.2.3"
    glob-parent "^5.1.2"
    merge2 "^1.3.0"
    micromatch "^4.0.4"

fastq@^1.6.0:
  version "1.17.1"
  resolved "https://registry.npmmirror.com/fastq/-/fastq-1.17.1.tgz"
  integrity sha512-sRVD3lWVIXWg6By68ZN7vho9a1pQcN/WBFaAAsDDFzlJjvoGx0P8z7V1t72grFJfJhu3YPZBuu25f7Kaw2jN1w==
  dependencies:
    reusify "^1.0.4"

fill-range@^7.0.1:
  version "7.0.1"
  resolved "https://registry.npmmirror.com/fill-range/-/fill-range-7.0.1.tgz"
  integrity sha512-qOo9F+dMUmC2Lcb4BbVvnKJxTPjCm+RRpe4gDuGrzkL7mEVl/djYSu2OdQ2Pa302N4oqkSg9ir6jaLWJ2USVpQ==
  dependencies:
    to-regex-range "^5.0.1"

function-bind@^1.1.2:
  version "1.1.2"
  resolved "https://registry.npmmirror.com/function-bind/-/function-bind-1.1.2.tgz"
  integrity sha512-7XHNxH7qX9xG5mIwxkhumTox/MIRNcOgDrxWsMt2pAr23WHp6MrRlN7FBSFpCpr+oVO0F744iUgR82nJMfG2SA==

glob-parent@^5.1.2, glob-parent@~5.1.2:
  version "5.1.2"
  resolved "https://registry.npmmirror.com/glob-parent/-/glob-parent-5.1.2.tgz"
  integrity sha512-AOIgSQCepiJYwP3ARnGx+5VnTu2HBYdzbGP45eLw1vr3zB3vZLeyed1sC9hnbcOc9/SrMyM5RPQrkGz4aS9Zow==
  dependencies:
    is-glob "^4.0.1"

graceful-fs@^4.1.2:
  version "4.2.11"
  resolved "https://registry.npmmirror.com/graceful-fs/-/graceful-fs-4.2.11.tgz"
  integrity sha512-RbJ5/jmFcNNCcDV5o9eTnBLJ/HszWV0P73bc+Ff4nS/rJj+YaS6IGyiOL0VoBYX+l1Wrl3k63h/KrH+nhJ0XvQ==

hasown@^2.0.0:
  version "2.0.2"
  resolved "https://registry.npmmirror.com/hasown/-/hasown-2.0.2.tgz"
  integrity sha512-0hJU9SCPvmMzIBdZFqNPXWa6dqh7WdH0cII9y+CyS8rG3nL48Bclra9HmKhVVUHyPWNH5Y7xDwAB7bfgSjkUMQ==
  dependencies:
    function-bind "^1.1.2"

iconv-lite@^0.6.3:
  version "0.6.3"
  resolved "https://registry.npmmirror.com/iconv-lite/-/iconv-lite-0.6.3.tgz"
  integrity sha512-4fCk79wshMdzMp2rH06qWrJE4iolqLhCUH+OiuIgU++RB0+94NlDL81atO7GX55uUKueo0txHNtvEyI6D7WdMw==
  dependencies:
    safer-buffer ">= 2.1.2 < 3.0.0"

image-size@~0.5.0:
  version "0.5.5"
  resolved "https://registry.npmmirror.com/image-size/-/image-size-0.5.5.tgz"
  integrity sha512-6TDAlDPZxUFCv+fuOkIoXT/V/f3Qbq8e37p+YOiYrUv3v9cc3/6x78VdfPgFVaB9dZYeLUfKgHRebpkm/oP2VQ==

is-binary-path@~2.1.0:
  version "2.1.0"
  resolved "https://registry.npmmirror.com/is-binary-path/-/is-binary-path-2.1.0.tgz"
  integrity sha512-ZMERYes6pDydyuGidse7OsHxtbI7WVeUEozgR/g7rd0xUimYNlvZRE/K2MgZTjWy725IfelLeVcEM97mmtRGXw==
  dependencies:
    binary-extensions "^2.0.0"

is-core-module@^2.13.0:
  version "2.13.1"
  resolved "https://registry.npmmirror.com/is-core-module/-/is-core-module-2.13.1.tgz"
  integrity sha512-hHrIjvZsftOsvKSn2TRYl63zvxsgE0K+0mYMoH6gD4omR5IWB2KynivBQczo3+wF1cCkjzvptnI9Q0sPU66ilw==
  dependencies:
    hasown "^2.0.0"

is-extglob@^2.1.1:
  version "2.1.1"
  resolved "https://registry.npmmirror.com/is-extglob/-/is-extglob-2.1.1.tgz"
  integrity sha512-SbKbANkN603Vi4jEZv49LeVJMn4yGwsbzZworEoyEiutsN3nJYdbO36zfhGJ6QEDpOZIFkDtnq5JRxmvl3jsoQ==

is-glob@^4.0.1, is-glob@~4.0.1:
  version "4.0.3"
  resolved "https://registry.npmmirror.com/is-glob/-/is-glob-4.0.3.tgz"
  integrity sha512-xelSayHH36ZgE7ZWhli7pW34hNbNl8Ojv5KVmkJD4hBdD3th8Tfk9vYasLM+mXWOZhFkgZfxhLSnrwRr4elSSg==
  dependencies:
    is-extglob "^2.1.1"

is-number@^7.0.0:
  version "7.0.0"
  resolved "https://registry.npmmirror.com/is-number/-/is-number-7.0.0.tgz"
  integrity sha512-41Cifkg6e8TylSpdtTpeLVMqvSBEVzTttHvERD741+pnZ8ANv0004MRL43QKPDlK9cGvNp6NZWZUBlbGXYxxng==

is-what@^3.14.1:
  version "3.14.1"
  resolved "https://registry.npmmirror.com/is-what/-/is-what-3.14.1.tgz"
  integrity sha512-sNxgpk9793nzSs7bA6JQJGeIuRBQhAaNGG77kzYQgMkrID+lS6SlK07K5LaptscDlSaIgH+GPFzf+d75FVxozA==

less@*, less@^4.1.3:
  version "4.2.0"
  resolved "https://registry.npmmirror.com/less/-/less-4.2.0.tgz"
  integrity sha512-P3b3HJDBtSzsXUl0im2L7gTO5Ubg8mEN6G8qoTS77iXxXX4Hvu4Qj540PZDvQ8V6DmX6iXo98k7Md0Cm1PrLaA==
  dependencies:
    copy-anything "^2.0.1"
    parse-node-version "^1.0.1"
    tslib "^2.3.0"
  optionalDependencies:
    errno "^0.1.1"
    graceful-fs "^4.1.2"
    image-size "~0.5.0"
    make-dir "^2.1.0"
    mime "^1.4.1"
    needle "^3.1.0"
    source-map "~0.6.0"

local-pkg@^0.4.3:
  version "0.4.3"
  resolved "https://registry.npmmirror.com/local-pkg/-/local-pkg-0.4.3.tgz"
  integrity sha512-SFppqq5p42fe2qcZQqqEOiVRXl+WCP1MdT6k7BDEW1j++sp5fIY+/fdRQitvKgB5BrBcmrs5m/L0v2FrU5MY1g==

local-pkg@^0.5.0:
  version "0.5.0"
  resolved "https://registry.npmmirror.com/local-pkg/-/local-pkg-0.5.0.tgz"
  integrity sha512-ok6z3qlYyCDS4ZEU27HaU6x/xZa9Whf8jD4ptH5UZTQYZVYeb9bnZ3ojVhiJNLiXK1Hfc0GNbLXcmZ5plLDDBg==
  dependencies:
    mlly "^1.4.2"
    pkg-types "^1.0.3"

magic-string@^0.30.10, magic-string@^0.30.3, magic-string@^0.30.5:
  version "0.30.10"
  resolved "https://registry.npmmirror.com/magic-string/-/magic-string-0.30.10.tgz"
  integrity sha512-iIRwTIf0QKV3UAnYK4PU8uiEc4SRh5jX0mwpIwETPpHdhVM4f53RSwS/vXvN1JhGX+Cs7B8qIq3d6AH49O5fAQ==
  dependencies:
    "@jridgewell/sourcemap-codec" "^1.4.15"

make-dir@^2.1.0:
  version "2.1.0"
  resolved "https://registry.npmmirror.com/make-dir/-/make-dir-2.1.0.tgz"
  integrity sha512-LS9X+dc8KLxXCb8dni79fLIIUA5VyZoyjSMCwTluaXA0o27cCK0bhXkpgw+sTXVpPy/lSO57ilRixqk0vDmtRA==
  dependencies:
    pify "^4.0.1"
    semver "^5.6.0"

merge2@^1.3.0:
  version "1.4.1"
  resolved "https://registry.npmmirror.com/merge2/-/merge2-1.4.1.tgz"
  integrity sha512-8q7VEgMJW4J8tcfVPy8g09NcQwZdbwFEqhe/WZkoIzjn/3TGDwtOCYtXGxA3O8tPzpczCCDgv+P2P5y00ZJOOg==

micromatch@^4.0.4:
  version "4.0.5"
  resolved "https://registry.npmmirror.com/micromatch/-/micromatch-4.0.5.tgz"
  integrity sha512-DMy+ERcEW2q8Z2Po+WNXuw3c5YaUSFjAO5GsJqfEl7UjvtIuFKO6ZrKvcItdy98dwFI2N1tg3zNIdKaQT+aNdA==
  dependencies:
    braces "^3.0.2"
    picomatch "^2.3.1"

mime@^1.4.1:
  version "1.6.0"
  resolved "https://registry.npmmirror.com/mime/-/mime-1.6.0.tgz"
  integrity sha512-x0Vn8spI+wuJ1O6S7gnbaQg8Pxh4NNHb7KSINmEWKiPE4RKOplvijn+NkmYmmRgP68mc70j2EbeTFRsrswaQeg==

minimatch@^9.0.3:
  version "9.0.4"
  resolved "https://registry.npmmirror.com/minimatch/-/minimatch-9.0.4.tgz"
  integrity sha512-KqWh+VchfxcMNRAJjj2tnsSJdNbHsVgnkBhTNrW7AjVo6OvLtxw8zfT9oLw1JSohlFzJ8jCoTgaoXvJ+kHt6fw==
  dependencies:
    brace-expansion "^2.0.1"

mlly@^1.4.2, mlly@^1.6.1:
  version "1.6.1"
  resolved "https://registry.npmmirror.com/mlly/-/mlly-1.6.1.tgz"
  integrity sha512-vLgaHvaeunuOXHSmEbZ9izxPx3USsk8KCQ8iC+aTlp5sKRSoZvwhHh5L9VbKSaVC6sJDqbyohIS76E2VmHIPAA==
  dependencies:
    acorn "^8.11.3"
    pathe "^1.1.2"
    pkg-types "^1.0.3"
    ufo "^1.3.2"

ms@2.1.2:
  version "2.1.2"
  resolved "https://registry.npmmirror.com/ms/-/ms-2.1.2.tgz"
  integrity sha512-sGkPx+VjMtmA6MX27oA4FBFELFCZZ4S4XqeGOXCv68tT+jb3vk/RyaKWP0PTKyWtmLSM0b+adUTEvbs1PEaH2w==

nanoid@^3.3.7:
  version "3.3.7"
  resolved "https://registry.npmmirror.com/nanoid/-/nanoid-3.3.7.tgz"
  integrity sha512-eSRppjcPIatRIMC1U6UngP8XFcz8MQWGQdt1MTBQ7NaAmvXDfvNxbvWV3x2y6CdEUciCSsDHDQZbhYaB8QEo2g==

needle@^3.1.0:
  version "3.3.1"
  resolved "https://registry.npmmirror.com/needle/-/needle-3.3.1.tgz"
  integrity sha512-6k0YULvhpw+RoLNiQCRKOl09Rv1dPLr8hHnVjHqdolKwDrdNyk+Hmrthi4lIGPPz3r39dLx0hsF5s40sZ3Us4Q==
  dependencies:
    iconv-lite "^0.6.3"
    sax "^1.2.4"

normalize-path@^3.0.0, normalize-path@~3.0.0:
  version "3.0.0"
  resolved "https://registry.npmmirror.com/normalize-path/-/normalize-path-3.0.0.tgz"
  integrity sha512-6eZs5Ls3WtCisHWp9S2GUy8dqkpGi4BVSz3GaqiE6ezub0512ESztXUwUB6C6IKbQkY2Pnb/mD4WYojCRwcwLA==

parse-node-version@^1.0.1:
  version "1.0.1"
  resolved "https://registry.npmmirror.com/parse-node-version/-/parse-node-version-1.0.1.tgz"
  integrity sha512-3YHlOa/JgH6Mnpr05jP9eDG254US9ek25LyIxZlDItp2iJtwyaXQb57lBYLdT3MowkUFYEV2XXNAYIPlESvJlA==

path-parse@^1.0.7:
  version "1.0.7"
  resolved "https://registry.npmmirror.com/path-parse/-/path-parse-1.0.7.tgz"
  integrity sha512-LDJzPVEEEPR+y48z93A0Ed0yXb8pAByGWo/k5YYdYgpY2/2EsOsksJrq7lOHxryrVOn1ejG6oAp8ahvOIQD8sw==

pathe@^1.1.1, pathe@^1.1.2:
  version "1.1.2"
  resolved "https://registry.npmmirror.com/pathe/-/pathe-1.1.2.tgz"
  integrity sha512-whLdWMYL2TwI08hn8/ZqAbrVemu0LNaNNJZX73O6qaIdCTfXutsLhMkjdENX0qhsQ9uIimo4/aQOmXkoon2nDQ==

picocolors@^1.0.0:
  version "1.0.0"
  resolved "https://registry.npmmirror.com/picocolors/-/picocolors-1.0.0.tgz"
  integrity sha512-1fygroTLlHu66zi26VoTDv8yRgm0Fccecssto+MhsZ0D/DGW2sm8E8AjW7NU5VVTRt5GxbeZ5qBuJr+HyLYkjQ==

picomatch@^2.0.4, picomatch@^2.2.1, picomatch@^2.3.1:
  version "2.3.1"
  resolved "https://registry.npmmirror.com/picomatch/-/picomatch-2.3.1.tgz"
  integrity sha512-JU3teHTNjmE2VCGFzuY8EXzCDVwEqB2a8fsIvwaStHhAWJEeVd1o1QD80CU6+ZdEXXSLbSsuLwJjkCBWqRQUVA==

pify@^4.0.1:
  version "4.0.1"
  resolved "https://registry.npmmirror.com/pify/-/pify-4.0.1.tgz"
  integrity sha512-uB80kBFb/tfd68bVleG9T5GGsGPjJrLAUpR5PZIrhBnIaRTQRjqdJSsIKkOP6OAIFbj7GOrcudc5pNjZ+geV2g==

pkg-types@^1.0.3:
  version "1.1.0"
  resolved "https://registry.npmmirror.com/pkg-types/-/pkg-types-1.1.0.tgz"
  integrity sha512-/RpmvKdxKf8uILTtoOhAgf30wYbP2Qw+L9p3Rvshx1JZVX+XQNZQFjlbmGHEGIm4CkVPlSn+NXmIM8+9oWQaSA==
  dependencies:
    confbox "^0.1.7"
    mlly "^1.6.1"
    pathe "^1.1.2"

postcss@^8.4.38:
  version "8.4.38"
  resolved "https://registry.npmmirror.com/postcss/-/postcss-8.4.38.tgz"
  integrity sha512-Wglpdk03BSfXkHoQa3b/oulrotAkwrlLDRSOb9D0bN86FdRyE9lppSp33aHNPgBa0JKCoB+drFLZkQoRRYae5A==
  dependencies:
    nanoid "^3.3.7"
    picocolors "^1.0.0"
    source-map-js "^1.2.0"

prr@~1.0.1:
  version "1.0.1"
  resolved "https://registry.npmmirror.com/prr/-/prr-1.0.1.tgz"
  integrity sha512-yPw4Sng1gWghHQWj0B3ZggWUm4qVbPwPFcRG8KyxiU7J2OHFSoEHKS+EZ3fv5l1t9CyCiop6l/ZYeWbrgoQejw==

queue-microtask@^1.2.2:
  version "1.2.3"
  resolved "https://registry.npmmirror.com/queue-microtask/-/queue-microtask-1.2.3.tgz"
  integrity sha512-NuaNSa6flKT5JaSYQzJok04JzTL1CA6aGhv5rfLW3PgqA+M2ChpZQnAC8h8i4ZFkBS8X5RqkDBHA7r4hej3K9A==

readdirp@~3.6.0:
  version "3.6.0"
  resolved "https://registry.npmmirror.com/readdirp/-/readdirp-3.6.0.tgz"
  integrity sha512-hOS089on8RduqdbhvQ5Z37A0ESjsqz6qnRcffsMU3495FuTdqSm+7bhJ29JvIOsBDEEnan5DPu9t3To9VRlMzA==
  dependencies:
    picomatch "^2.2.1"

resolve@^1.22.4:
  version "1.22.8"
  resolved "https://registry.npmmirror.com/resolve/-/resolve-1.22.8.tgz"
  integrity sha512-oKWePCxqpd6FlLvGV1VU0x7bkPmmCNolxzjMf4NczoDnQcIWrAF+cPtZn5i6n+RfD2d9i0tzpKnG6Yk168yIyw==
  dependencies:
    is-core-module "^2.13.0"
    path-parse "^1.0.7"
    supports-preserve-symlinks-flag "^1.0.0"

reusify@^1.0.4:
  version "1.0.4"
  resolved "https://registry.npmmirror.com/reusify/-/reusify-1.0.4.tgz"
  integrity sha512-U9nH88a3fc/ekCF1l0/UP1IosiuIjyTh7hBvXVMHYgVcfGvt897Xguj2UOLDeI5BG2m7/uwyaLVT6fbtCwTyzw==

rollup@^1.20.0||^2.0.0||^3.0.0||^4.0.0, rollup@^4.13.0:
  version "4.16.3"
  resolved "https://registry.npmmirror.com/rollup/-/rollup-4.16.3.tgz"
  integrity sha512-Ygm4fFO4usWcAG3Ud36Lmif5nudoi0X6QPLC+kRgrRjulAbmFkaTawP7fTIkRDnCNSf/4IAQzXM1T8e691kRtw==
  dependencies:
    "@types/estree" "1.0.5"
  optionalDependencies:
    "@rollup/rollup-android-arm-eabi" "4.16.3"
    "@rollup/rollup-android-arm64" "4.16.3"
    "@rollup/rollup-darwin-arm64" "4.16.3"
    "@rollup/rollup-darwin-x64" "4.16.3"
    "@rollup/rollup-linux-arm-gnueabihf" "4.16.3"
    "@rollup/rollup-linux-arm-musleabihf" "4.16.3"
    "@rollup/rollup-linux-arm64-gnu" "4.16.3"
    "@rollup/rollup-linux-arm64-musl" "4.16.3"
    "@rollup/rollup-linux-powerpc64le-gnu" "4.16.3"
    "@rollup/rollup-linux-riscv64-gnu" "4.16.3"
    "@rollup/rollup-linux-s390x-gnu" "4.16.3"
    "@rollup/rollup-linux-x64-gnu" "4.16.3"
    "@rollup/rollup-linux-x64-musl" "4.16.3"
    "@rollup/rollup-win32-arm64-msvc" "4.16.3"
    "@rollup/rollup-win32-ia32-msvc" "4.16.3"
    "@rollup/rollup-win32-x64-msvc" "4.16.3"
    fsevents "~2.3.2"

run-parallel@^1.1.9:
  version "1.2.0"
  resolved "https://registry.npmmirror.com/run-parallel/-/run-parallel-1.2.0.tgz"
  integrity sha512-5l4VyZR86LZ/lDxZTR6jqL8AFE2S0IFLMP26AbjsLVADxHdhB/c0GUsH+y39UfCi3dzz8OlQuPmnaJOMoDHQBA==
  dependencies:
    queue-microtask "^1.2.2"

"safer-buffer@>= 2.1.2 < 3.0.0":
  version "2.1.2"
  resolved "https://registry.npmmirror.com/safer-buffer/-/safer-buffer-2.1.2.tgz"
  integrity sha512-YZo3K82SD7Riyi0E1EQPojLz7kpepnSQI9IyPbHHg1XXXevb5dJI7tpyN2ADxGcQbHG7vcyRHk0cbwqcQriUtg==

sax@^1.2.4:
  version "1.3.0"
  resolved "https://registry.npmmirror.com/sax/-/sax-1.3.0.tgz"
  integrity sha512-0s+oAmw9zLl1V1cS9BtZN7JAd0cW5e0QH4W3LWEK6a4LaLEA2OTpGYWDY+6XasBLtz6wkm3u1xRw95mRuJ59WA==

scule@^1.1.1:
  version "1.3.0"
  resolved "https://registry.npmmirror.com/scule/-/scule-1.3.0.tgz"
  integrity sha512-6FtHJEvt+pVMIB9IBY+IcCJ6Z5f1iQnytgyfKMhDKgmzYG+TeH/wx1y3l27rshSbLiSanrR9ffZDrEsmjlQF2g==

semver@^5.6.0:
  version "5.7.2"
  resolved "https://registry.npmmirror.com/semver/-/semver-5.7.2.tgz"
  integrity sha512-cBznnQ9KjJqU67B52RMC65CMarK2600WFnbkcaiwWq3xy/5haFJlshgnpjovMVJ+Hff49d8GEn0b87C5pDQ10g==

source-map-js@^1.2.0:
  version "1.2.0"
  resolved "https://registry.npmmirror.com/source-map-js/-/source-map-js-1.2.0.tgz"
  integrity sha512-itJW8lvSA0TXEphiRoawsCksnlf8SyvmFzIhltqAHluXd88pkCd+cXJVHTDwdCr0IzwptSm035IHQktUu1QUMg==

source-map@~0.6.0:
  version "0.6.1"
  resolved "https://registry.npmmirror.com/source-map/-/source-map-0.6.1.tgz"
  integrity sha512-UjgapumWlbMhkBgzT7Ykc5YXUT46F0iKu8SGXq0bcwP5dz/h0Plj6enJqjz1Zbq2l5WaqYnrVbwWOWMyF3F47g==

strip-literal@^1.3.0:
  version "1.3.0"
  resolved "https://registry.npmmirror.com/strip-literal/-/strip-literal-1.3.0.tgz"
  integrity sha512-PugKzOsyXpArk0yWmUwqOZecSO0GH0bPoctLcqNDH9J04pVW3lflYE0ujElBGTloevcxF5MofAOZ7C5l2b+wLg==
  dependencies:
    acorn "^8.10.0"

supports-preserve-symlinks-flag@^1.0.0:
  version "1.0.0"
  resolved "https://registry.npmmirror.com/supports-preserve-symlinks-flag/-/supports-preserve-symlinks-flag-1.0.0.tgz"
  integrity sha512-ot0WnXS9fgdkgIcePe6RHNk1WA8+muPa6cSjeR3V8K27q9BB1rTE3R1p7Hv0z1ZyAc8s6Vvv8DIyWf681MAt0w==

to-regex-range@^5.0.1:
  version "5.0.1"
  resolved "https://registry.npmmirror.com/to-regex-range/-/to-regex-range-5.0.1.tgz"
  integrity sha512-65P7iz6X5yEr1cwcgvQxbbIw7Uk3gOy5dIdtZ4rDveLqhrdJP+Li/Hx6tyK0NEb+2GCyneCMJiGqrADCSNk8sQ==
  dependencies:
    is-number "^7.0.0"

tslib@^2.3.0:
  version "2.6.2"
  resolved "https://registry.npmmirror.com/tslib/-/tslib-2.6.2.tgz"
  integrity sha512-AEYxH93jGFPn/a2iVAwW87VuUIkR1FVUKB77NwMF7nBTDkDrrT/Hpt/IrCJ0QXhW27jTBDcf5ZY7w6RiqTMw2Q==

ufo@^1.3.2:
  version "1.5.3"
  resolved "https://registry.npmmirror.com/ufo/-/ufo-1.5.3.tgz"
  integrity sha512-Y7HYmWaFwPUmkoQCUIAYpKqkOf+SbVj/2fJJZ4RJMCfZp0rTGwRbzQD+HghfnhKOjL9E01okqz+ncJskGYfBNw==

unimport@^3.7.1:
  version "3.7.1"
  resolved "https://registry.npmmirror.com/unimport/-/unimport-3.7.1.tgz"
  integrity sha512-V9HpXYfsZye5bPPYUgs0Otn3ODS1mDUciaBlXljI4C2fTwfFpvFZRywmlOu943puN9sncxROMZhsZCjNXEpzEQ==
  dependencies:
    "@rollup/pluginutils" "^5.1.0"
    acorn "^8.11.2"
    escape-string-regexp "^5.0.0"
    estree-walker "^3.0.3"
    fast-glob "^3.3.2"
    local-pkg "^0.5.0"
    magic-string "^0.30.5"
    mlly "^1.4.2"
    pathe "^1.1.1"
    pkg-types "^1.0.3"
    scule "^1.1.1"
    strip-literal "^1.3.0"
    unplugin "^1.5.1"

unplugin-auto-import@^0.17.5:
  version "0.17.5"
  resolved "https://registry.npmmirror.com/unplugin-auto-import/-/unplugin-auto-import-0.17.5.tgz"
  integrity sha512-fHNDkDSxv3PGagX1wmKBYBkgaM4AKAgZmdJw/bxjhNljx9KSXSgHpGfX0MwUrq9qw6q1bhHIZVWyOwoY2koo4w==
  dependencies:
    "@antfu/utils" "^0.7.7"
    "@rollup/pluginutils" "^5.1.0"
    fast-glob "^3.3.2"
    local-pkg "^0.5.0"
    magic-string "^0.30.5"
    minimatch "^9.0.3"
    unimport "^3.7.1"
    unplugin "^1.6.0"

unplugin-vue-components@^0.26.0:
  version "0.26.0"
  resolved "https://registry.npmmirror.com/unplugin-vue-components/-/unplugin-vue-components-0.26.0.tgz"
  integrity sha512-s7IdPDlnOvPamjunVxw8kNgKNK8A5KM1YpK5j/p97jEKTjlPNrA0nZBiSfAKKlK1gWZuyWXlKL5dk3EDw874LQ==
  dependencies:
    "@antfu/utils" "^0.7.6"
    "@rollup/pluginutils" "^5.0.4"
    chokidar "^3.5.3"
    debug "^4.3.4"
    fast-glob "^3.3.1"
    local-pkg "^0.4.3"
    magic-string "^0.30.3"
    minimatch "^9.0.3"
    resolve "^1.22.4"
    unplugin "^1.4.0"

unplugin@^1.4.0, unplugin@^1.5.1, unplugin@^1.6.0:
  version "1.10.1"
  resolved "https://registry.npmmirror.com/unplugin/-/unplugin-1.10.1.tgz"
  integrity sha512-d6Mhq8RJeGA8UfKCu54Um4lFA0eSaRa3XxdAJg8tIdxbu1ubW0hBCZUL7yI2uGyYCRndvbK8FLHzqy2XKfeMsg==
  dependencies:
    acorn "^8.11.3"
    chokidar "^3.6.0"
    webpack-sources "^3.2.3"
    webpack-virtual-modules "^0.6.1"

vant@^4.8.5:
  version "4.8.11"
  resolved "https://registry.npmmirror.com/vant/-/vant-4.8.11.tgz"
  integrity sha512-RRkcxIZG6hysmykOXD3aQGffNjROm/aV52UVOOtaVx4GmrXSW/lpnmyMhiZ6lXWx+G2aU1xP08Y1WpsPCBwYig==
  dependencies:
    "@vant/popperjs" "^1.3.0"
    "@vant/use" "^1.6.0"
    "@vue/shared" "^3.4.21"

"vite@^4.0.0 || ^5.0.0", vite@^5.2.10:
  version "5.2.10"
  resolved "https://registry.npmjs.org/vite/-/vite-5.2.10.tgz"
  integrity sha512-PAzgUZbP7msvQvqdSD+ErD5qGnSFiGOoWmV5yAKUEI0kdhjbH6nMWVyZQC/hSc4aXwc0oJ9aEdIiF9Oje0JFCw==
  dependencies:
    esbuild "^0.20.1"
    postcss "^8.4.38"
    rollup "^4.13.0"
  optionalDependencies:
    fsevents "~2.3.3"

vue-router@^4.1.5:
  version "4.3.2"
  resolved "https://registry.npmjs.org/vue-router/-/vue-router-4.3.2.tgz"
  integrity sha512-hKQJ1vDAZ5LVkKEnHhmm1f9pMiWIBNGF5AwU67PdH7TyXCj/a4hTccuUuYCAMgJK6rO/NVYtQIEN3yL8CECa7Q==
  dependencies:
    "@vue/devtools-api" "^6.5.1"

vue@^3.0.0, vue@^3.2.0, vue@^3.2.25, vue@^3.4.21, "vue@2 || 3", vue@3.4.24:
  version "3.4.24"
  resolved "https://registry.npmmirror.com/vue/-/vue-3.4.24.tgz"
  integrity sha512-NPdx7dLGyHmKHGRRU5bMRYVE+rechR+KDU5R2tSTNG36PuMwbfAJ+amEvOAw7BPfZp5sQulNELSLm5YUkau+Sg==
  dependencies:
    "@vue/compiler-dom" "3.4.24"
    "@vue/compiler-sfc" "3.4.24"
    "@vue/runtime-dom" "3.4.24"
    "@vue/server-renderer" "3.4.24"
    "@vue/shared" "3.4.24"

webpack-sources@^3.2.3:
  version "3.2.3"
  resolved "https://registry.npmmirror.com/webpack-sources/-/webpack-sources-3.2.3.tgz"
  integrity sha512-/DyMEOrDgLKKIG0fmvtz+4dUX/3Ghozwgm6iPp8KRhvn+eQf9+Q7GWxVNMk3+uCPWfdXYC4ExGBckIXdFEfH1w==

webpack-virtual-modules@^0.6.1:
  version "0.6.1"
  resolved "https://registry.npmmirror.com/webpack-virtual-modules/-/webpack-virtual-modules-0.6.1.tgz"
  integrity sha512-poXpCylU7ExuvZK8z+On3kX+S8o/2dQ/SVYueKA0D4WEMXROXgY8Ez50/bQEUmvoSMMrWcrJqCHuhAbsiwg7Dg==
